PODS:
  - Nimble (8.0.1)
  - Quick (2.0.0)
  - SwiftAudio (0.11.2)

DEPENDENCIES:
  - Nimble (~> 8.0.0)
  - Quick (~> 2.0.0)
  - SwiftAudio (from `../`)

SPEC REPOS:
  trunk:
    - Nimble
    - Quick

EXTERNAL SOURCES:
  SwiftAudio:
    :path: "../"

SPEC CHECKSUMS:
  Nimble: 45f786ae66faa9a709624227fae502db55a8bdd0
  Quick: ce1276c7c27ba2da3cb2fd0cde053c3648b3b22d
  SwiftAudio: 217f5f184b27a0e25ff0fe7647021f05a21c06c9

PODFILE CHECKSUM: 08ea4075437f8ff3c4f84ed70827a8132461373f

COCOAPODS: 1.9.3
